// !$*UTF8*$!
{
	archiveVersion = 1;
	classes = {
	};
	objectVersion = 55;
	objects = {

/* Begin PBXBuildFile section */
		0459FF2C2A14E4C0003F75F4 /* AppDelegate.swift in Sources */ = {isa = PBXBuildFile; fileRef = 0459FF2B2A14E4C0003F75F4 /* AppDelegate.swift */; };
		0459FF2E2A14E4C0003F75F4 /* SceneDelegate.swift in Sources */ = {isa = PBXBuildFile; fileRef = 0459FF2D2A14E4C0003F75F4 /* SceneDelegate.swift */; };
		0459FF302A14E4C0003F75F4 /* ViewController.swift in Sources */ = {isa = PBXBuildFile; fileRef = 0459FF2F2A14E4C0003F75F4 /* ViewController.swift */; };
		0459FF332A14E4C0003F75F4 /* Main.storyboard in Resources */ = {isa = PBXBuildFile; fileRef = 0459FF312A14E4C0003F75F4 /* Main.storyboard */; };
		0459FF352A14E4C2003F75F4 /* Assets.xcassets in Resources */ = {isa = PBXBuildFile; fileRef = 0459FF342A14E4C2003F75F4 /* Assets.xcassets */; };
		0459FF382A14E4C2003F75F4 /* LaunchScreen.storyboard in Resources */ = {isa = PBXBuildFile; fileRef = 0459FF362A14E4C2003F75F4 /* LaunchScreen.storyboard */; };
		0459FF432A14E4C2003F75F4 /* PUT_Http_Mehtod_UseTests.swift in Sources */ = {isa = PBXBuildFile; fileRef = 0459FF422A14E4C2003F75F4 /* PUT_Http_Mehtod_UseTests.swift */; };
		0459FF4D2A14E4C2003F75F4 /* PUT_Http_Mehtod_UseUITests.swift in Sources */ = {isa = PBXBuildFile; fileRef = 0459FF4C2A14E4C2003F75F4 /* PUT_Http_Mehtod_UseUITests.swift */; };
		0459FF4F2A14E4C2003F75F4 /* PUT_Http_Mehtod_UseUITestsLaunchTests.swift in Sources */ = {isa = PBXBuildFile; fileRef = 0459FF4E2A14E4C2003F75F4 /* PUT_Http_Mehtod_UseUITestsLaunchTests.swift */; };
/* End PBXBuildFile section */

/* Begin PBXContainerItemProxy section */
		0459FF3F2A14E4C2003F75F4 /* PBXContainerItemProxy */ = {
			isa = PBXContainerItemProxy;
			containerPortal = 0459FF202A14E4C0003F75F4 /* Project object */;
			proxyType = 1;
			remoteGlobalIDString = 0459FF272A14E4C0003F75F4;
			remoteInfo = PUT_Http_Mehtod_Use;
		};
		0459FF492A14E4C2003F75F4 /* PBXContainerItemProxy */ = {
			isa = PBXContainerItemProxy;
			containerPortal = 0459FF202A14E4C0003F75F4 /* Project object */;
			proxyType = 1;
			remoteGlobalIDString = 0459FF272A14E4C0003F75F4;
			remoteInfo = PUT_Http_Mehtod_Use;
		};
/* End PBXContainerItemProxy section */

/* Begin PBXFileReference section */
		0459FF282A14E4C0003F75F4 /* PUT_Http_Mehtod_Use.app */ = {isa = PBXFileReference; explicitFileType = wrapper.application; includeInIndex = 0; path = PUT_Http_Mehtod_Use.app; sourceTree = BUILT_PRODUCTS_DIR; };
		0459FF2B2A14E4C0003F75F4 /* AppDelegate.swift */ = {isa = PBXFileReference; lastKnownFileType = sourcecode.swift; path = AppDelegate.swift; sourceTree = "<group>"; };
		0459FF2D2A14E4C0003F75F4 /* SceneDelegate.swift */ = {isa = PBXFileReference; lastKnownFileType = sourcecode.swift; path = SceneDelegate.swift; sourceTree = "<group>"; };
		0459FF2F2A14E4C0003F75F4 /* ViewController.swift */ = {isa = PBXFileReference; lastKnownFileType = sourcecode.swift; path = ViewController.swift; sourceTree = "<group>"; };
		0459FF322A14E4C0003F75F4 /* Base */ = {isa = PBXFileReference; lastKnownFileType = file.storyboard; name = Base; path = Base.lproj/Main.storyboard; sourceTree = "<group>"; };
		0459FF342A14E4C2003F75F4 /* Assets.xcassets */ = {isa = PBXFileReference; lastKnownFileType = folder.assetcatalog; path = Assets.xcassets; sourceTree = "<group>"; };
		0459FF372A14E4C2003F75F4 /* Base */ = {isa = PBXFileReference; lastKnownFileType = file.storyboard; name = Base; path = Base.lproj/LaunchScreen.storyboard; sourceTree = "<group>"; };
		0459FF392A14E4C2003F75F4 /* Info.plist */ = {isa = PBXFileReference; lastKnownFileType = text.plist.xml; path = Info.plist; sourceTree = "<group>"; };
		0459FF3E2A14E4C2003F75F4 /* PUT_Http_Mehtod_UseTests.xctest */ = {isa = PBXFileReference; explicitFileType = wrapper.cfbundle; includeInIndex = 0; path = PUT_Http_Mehtod_UseTests.xctest; sourceTree = BUILT_PRODUCTS_DIR; };
		0459FF422A14E4C2003F75F4 /* PUT_Http_Mehtod_UseTests.swift */ = {isa = PBXFileReference; lastKnownFileType = sourcecode.swift; path = PUT_Http_Mehtod_UseTests.swift; sourceTree = "<group>"; };
		0459FF482A14E4C2003F75F4 /* PUT_Http_Mehtod_UseUITests.xctest */ = {isa = PBXFileReference; explicitFileType = wrapper.cfbundle; includeInIndex = 0; path = PUT_Http_Mehtod_UseUITests.xctest; sourceTree = BUILT_PRODUCTS_DIR; };
		0459FF4C2A14E4C2003F75F4 /* PUT_Http_Mehtod_UseUITests.swift */ = {isa = PBXFileReference; lastKnownFileType = sourcecode.swift; path = PUT_Http_Mehtod_UseUITests.swift; sourceTree = "<group>"; };
		0459FF4E2A14E4C2003F75F4 /* PUT_Http_Mehtod_UseUITestsLaunchTests.swift */ = {isa = PBXFileReference; lastKnownFileType = sourcecode.swift; path = PUT_Http_Mehtod_UseUITestsLaunchTests.swift; sourceTree = "<group>"; };
/* End PBXFileReference section */

/* Begin PBXFrameworksBuildPhase section */
		0459FF252A14E4C0003F75F4 /* Frameworks */ = {
			isa = PBXFrameworksBuildPhase;
			buildActionMask = 2147483647;
			files = (
			);
			runOnlyForDeploymentPostprocessing = 0;
		};
		0459FF3B2A14E4C2003F75F4 /* Frameworks */ = {
			isa = PBXFrameworksBuildPhase;
			buildActionMask = 2147483647;
			files = (
			);
			runOnlyForDeploymentPostprocessing = 0;
		};
		0459FF452A14E4C2003F75F4 /* Frameworks */ = {
			isa = PBXFrameworksBuildPhase;
			buildActionMask = 2147483647;
			files = (
			);
			runOnlyForDeploymentPostprocessing = 0;
		};
/* End PBXFrameworksBuildPhase section */

/* Begin PBXGroup section */
		0459FF1F2A14E4C0003F75F4 = {
			isa = PBXGroup;
			children = (
				0459FF2A2A14E4C0003F75F4 /* PUT_Http_Mehtod_Use */,
				0459FF412A14E4C2003F75F4 /* PUT_Http_Mehtod_UseTests */,
				0459FF4B2A14E4C2003F75F4 /* PUT_Http_Mehtod_UseUITests */,
				0459FF292A14E4C0003F75F4 /* Products */,
			);
			sourceTree = "<group>";
		};
		0459FF292A14E4C0003F75F4 /* Products */ = {
			isa = PBXGroup;
			children = (
				0459FF282A14E4C0003F75F4 /* PUT_Http_Mehtod_Use.app */,
				0459FF3E2A14E4C2003F75F4 /* PUT_Http_Mehtod_UseTests.xctest */,
				0459FF482A14E4C2003F75F4 /* PUT_Http_Mehtod_UseUITests.xctest */,
			);
			name = Products;
			sourceTree = "<group>";
		};
		0459FF2A2A14E4C0003F75F4 /* PUT_Http_Mehtod_Use */ = {
			isa = PBXGroup;
			children = (
				0459FF2B2A14E4C0003F75F4 /* AppDelegate.swift */,
				0459FF2D2A14E4C0003F75F4 /* SceneDelegate.swift */,
				0459FF2F2A14E4C0003F75F4 /* ViewController.swift */,
				0459FF312A14E4C0003F75F4 /* Main.storyboard */,
				0459FF342A14E4C2003F75F4 /* Assets.xcassets */,
				0459FF362A14E4C2003F75F4 /* LaunchScreen.storyboard */,
				0459FF392A14E4C2003F75F4 /* Info.plist */,
			);
			path = PUT_Http_Mehtod_Use;
			sourceTree = "<group>";
		};
		0459FF412A14E4C2003F75F4 /* PUT_Http_Mehtod_UseTests */ = {
			isa = PBXGroup;
			children = (
				0459FF422A14E4C2003F75F4 /* PUT_Http_Mehtod_UseTests.swift */,
			);
			path = PUT_Http_Mehtod_UseTests;
			sourceTree = "<group>";
		};
		0459FF4B2A14E4C2003F75F4 /* PUT_Http_Mehtod_UseUITests */ = {
			isa = PBXGroup;
			children = (
				0459FF4C2A14E4C2003F75F4 /* PUT_Http_Mehtod_UseUITests.swift */,
				0459FF4E2A14E4C2003F75F4 /* PUT_Http_Mehtod_UseUITestsLaunchTests.swift */,
			);
			path = PUT_Http_Mehtod_UseUITests;
			sourceTree = "<group>";
		};
/* End PBXGroup section */

/* Begin PBXNativeTarget section */
		0459FF272A14E4C0003F75F4 /* PUT_Http_Mehtod_Use */ = {
			isa = PBXNativeTarget;
			buildConfigurationList = 0459FF522A14E4C2003F75F4 /* Build configuration list for PBXNativeTarget "PUT_Http_Mehtod_Use" */;
			buildPhases = (
				0459FF242A14E4C0003F75F4 /* Sources */,
				0459FF252A14E4C0003F75F4 /* Frameworks */,
				0459FF262A14E4C0003F75F4 /* Resources */,
			);
			buildRules = (
			);
			dependencies = (
			);
			name = PUT_Http_Mehtod_Use;
			productName = PUT_Http_Mehtod_Use;
			productReference = 0459FF282A14E4C0003F75F4 /* PUT_Http_Mehtod_Use.app */;
			productType = "com.apple.product-type.application";
		};
		0459FF3D2A14E4C2003F75F4 /* PUT_Http_Mehtod_UseTests */ = {
			isa = PBXNativeTarget;
			buildConfigurationList = 0459FF552A14E4C2003F75F4 /* Build configuration list for PBXNativeTarget "PUT_Http_Mehtod_UseTests" */;
			buildPhases = (
				0459FF3A2A14E4C2003F75F4 /* Sources */,
				0459FF3B2A14E4C2003F75F4 /* Frameworks */,
				0459FF3C2A14E4C2003F75F4 /* Resources */,
			);
			buildRules = (
			);
			dependencies = (
				0459FF402A14E4C2003F75F4 /* PBXTargetDependency */,
			);
			name = PUT_Http_Mehtod_UseTests;
			productName = PUT_Http_Mehtod_UseTests;
			productReference = 0459FF3E2A14E4C2003F75F4 /* PUT_Http_Mehtod_UseTests.xctest */;
			productType = "com.apple.product-type.bundle.unit-test";
		};
		0459FF472A14E4C2003F75F4 /* PUT_Http_Mehtod_UseUITests */ = {
			isa = PBXNativeTarget;
			buildConfigurationList = 0459FF582A14E4C2003F75F4 /* Build configuration list for PBXNativeTarget "PUT_Http_Mehtod_UseUITests" */;
			buildPhases = (
				0459FF442A14E4C2003F75F4 /* Sources */,
				0459FF452A14E4C2003F75F4 /* Frameworks */,
				0459FF462A14E4C2003F75F4 /* Resources */,
			);
			buildRules = (
			);
			dependencies = (
				0459FF4A2A14E4C2003F75F4 /* PBXTargetDependency */,
			);
			name = PUT_Http_Mehtod_UseUITests;
			productName = PUT_Http_Mehtod_UseUITests;
			productReference = 0459FF482A14E4C2003F75F4 /* PUT_Http_Mehtod_UseUITests.xctest */;
			productType = "com.apple.product-type.bundle.ui-testing";
		};
/* End PBXNativeTarget section */

/* Begin PBXProject section */
		0459FF202A14E4C0003F75F4 /* Project object */ = {
			isa = PBXProject;
			attributes = {
				BuildIndependentTargetsInParallel = 1;
				LastSwiftUpdateCheck = 1340;
				LastUpgradeCheck = 1340;
				TargetAttributes = {
					0459FF272A14E4C0003F75F4 = {
						CreatedOnToolsVersion = 13.4.1;
					};
					0459FF3D2A14E4C2003F75F4 = {
						CreatedOnToolsVersion = 13.4.1;
						TestTargetID = 0459FF272A14E4C0003F75F4;
					};
					0459FF472A14E4C2003F75F4 = {
						CreatedOnToolsVersion = 13.4.1;
						TestTargetID = 0459FF272A14E4C0003F75F4;
					};
				};
			};
			buildConfigurationList = 0459FF232A14E4C0003F75F4 /* Build configuration list for PBXProject "PUT_Http_Mehtod_Use" */;
			compatibilityVersion = "Xcode 13.0";
			developmentRegion = en;
			hasScannedForEncodings = 0;
			knownRegions = (
				en,
				Base,
			);
			mainGroup = 0459FF1F2A14E4C0003F75F4;
			productRefGroup = 0459FF292A14E4C0003F75F4 /* Products */;
			projectDirPath = "";
			projectRoot = "";
			targets = (
				0459FF272A14E4C0003F75F4 /* PUT_Http_Mehtod_Use */,
				0459FF3D2A14E4C2003F75F4 /* PUT_Http_Mehtod_UseTests */,
				0459FF472A14E4C2003F75F4 /* PUT_Http_Mehtod_UseUITests */,
			);
		};
/* End PBXProject section */

/* Begin PBXResourcesBuildPhase section */
		0459FF262A14E4C0003F75F4 /* Resources */ = {
			isa = PBXResourcesBuildPhase;
			buildActionMask = 2147483647;
			files = (
				0459FF382A14E4C2003F75F4 /* LaunchScreen.storyboard in Resources */,
				0459FF352A14E4C2003F75F4 /* Assets.xcassets in Resources */,
				0459FF332A14E4C0003F75F4 /* Main.storyboard in Resources */,
			);
			runOnlyForDeploymentPostprocessing = 0;
		};
		0459FF3C2A14E4C2003F75F4 /* Resources */ = {
			isa = PBXResourcesBuildPhase;
			buildActionMask = 2147483647;
			files = (
			);
			runOnlyForDeploymentPostprocessing = 0;
		};
		0459FF462A14E4C2003F75F4 /* Resources */ = {
			isa = PBXResourcesBuildPhase;
			buildActionMask = 2147483647;
			files = (
			);
			runOnlyForDeploymentPostprocessing = 0;
		};
/* End PBXResourcesBuildPhase section */

/* Begin PBXSourcesBuildPhase section */
		0459FF242A14E4C0003F75F4 /* Sources */ = {
			isa = PBXSourcesBuildPhase;
			buildActionMask = 2147483647;
			files = (
				0459FF302A14E4C0003F75F4 /* ViewController.swift in Sources */,
				0459FF2C2A14E4C0003F75F4 /* AppDelegate.swift in Sources */,
				0459FF2E2A14E4C0003F75F4 /* SceneDelegate.swift in Sources */,
			);
			runOnlyForDeploymentPostprocessing = 0;
		};
		0459FF3A2A14E4C2003F75F4 /* Sources */ = {
			isa = PBXSourcesBuildPhase;
			buildActionMask = 2147483647;
			files = (
				0459FF432A14E4C2003F75F4 /* PUT_Http_Mehtod_UseTests.swift in Sources */,
			);
			runOnlyForDeploymentPostprocessing = 0;
		};
		0459FF442A14E4C2003F75F4 /* Sources */ = {
			isa = PBXSourcesBuildPhase;
			buildActionMask = 2147483647;
			files = (
				0459FF4D2A14E4C2003F75F4 /* PUT_Http_Mehtod_UseUITests.swift in Sources */,
				0459FF4F2A14E4C2003F75F4 /* PUT_Http_Mehtod_UseUITestsLaunchTests.swift in Sources */,
			);
			runOnlyForDeploymentPostprocessing = 0;
		};
/* End PBXSourcesBuildPhase section */

/* Begin PBXTargetDependency section */
		0459FF402A14E4C2003F75F4 /* PBXTargetDependency */ = {
			isa = PBXTargetDependency;
			target = 0459FF272A14E4C0003F75F4 /* PUT_Http_Mehtod_Use */;
			targetProxy = 0459FF3F2A14E4C2003F75F4 /* PBXContainerItemProxy */;
		};
		0459FF4A2A14E4C2003F75F4 /* PBXTargetDependency */ = {
			isa = PBXTargetDependency;
			target = 0459FF272A14E4C0003F75F4 /* PUT_Http_Mehtod_Use */;
			targetProxy = 0459FF492A14E4C2003F75F4 /* PBXContainerItemProxy */;
		};
/* End PBXTargetDependency section */

/* Begin PBXVariantGroup section */
		0459FF312A14E4C0003F75F4 /* Main.storyboard */ = {
			isa = PBXVariantGroup;
			children = (
				0459FF322A14E4C0003F75F4 /* Base */,
			);
			name = Main.storyboard;
			sourceTree = "<group>";
		};
		0459FF362A14E4C2003F75F4 /* LaunchScreen.storyboard */ = {
			isa = PBXVariantGroup;
			children = (
				0459FF372A14E4C2003F75F4 /* Base */,
			);
			name = LaunchScreen.storyboard;
			sourceTree = "<group>";
		};
/* End PBXVariantGroup section */

/* Begin XCBuildConfiguration section */
		0459FF502A14E4C2003F75F4 /* Debug */ = {
			isa = XCBuildConfiguration;
			buildSettings = {
				ALWAYS_SEARCH_USER_PATHS = NO;
				CLANG_ANALYZER_NONNULL = YES;
				CLANG_ANALYZER_NUMBER_OBJECT_CONVERSION = YES_AGGRESSIVE;
				CLANG_CXX_LANGUAGE_STANDARD = "gnu++17";
				CLANG_ENABLE_MODULES = YES;
				CLANG_ENABLE_OBJC_ARC = YES;
				CLANG_ENABLE_OBJC_WEAK = YES;
				CLANG_WARN_BLOCK_CAPTURE_AUTORELEASING = YES;
				CLANG_WARN_BOOL_CONVERSION = YES;
				CLANG_WARN_COMMA = YES;
				CLANG_WARN_CONSTANT_CONVERSION = YES;
				CLANG_WARN_DEPRECATED_OBJC_IMPLEMENTATIONS = YES;
				CLANG_WARN_DIRECT_OBJC_ISA_USAGE = YES_ERROR;
				CLANG_WARN_DOCUMENTATION_COMMENTS = YES;
				CLANG_WARN_EMPTY_BODY = YES;
				CLANG_WARN_ENUM_CONVERSION = YES;
				CLANG_WARN_INFINITE_RECURSION = YES;
				CLANG_WARN_INT_CONVERSION = YES;
				CLANG_WARN_NON_LITERAL_NULL_CONVERSION = YES;
				CLANG_WARN_OBJC_IMPLICIT_RETAIN_SELF = YES;
				CLANG_WARN_OBJC_LITERAL_CONVERSION = YES;
				CLANG_WARN_OBJC_ROOT_CLASS = YES_ERROR;
				CLANG_WARN_QUOTED_INCLUDE_IN_FRAMEWORK_HEADER = YES;
				CLANG_WARN_RANGE_LOOP_ANALYSIS = YES;
				CLANG_WARN_STRICT_PROTOTYPES = YES;
				CLANG_WARN_SUSPICIOUS_MOVE = YES;
				CLANG_WARN_UNGUARDED_AVAILABILITY = YES_AGGRESSIVE;
				CLANG_WARN_UNREACHABLE_CODE = YES;
				CLANG_WARN__DUPLICATE_METHOD_MATCH = YES;
				COPY_PHASE_STRIP = NO;
				DEBUG_INFORMATION_FORMAT = dwarf;
				ENABLE_STRICT_OBJC_MSGSEND = YES;
				ENABLE_TESTABILITY = YES;
				GCC_C_LANGUAGE_STANDARD = gnu11;
				GCC_DYNAMIC_NO_PIC = NO;
				GCC_NO_COMMON_BLOCKS = YES;
				GCC_OPTIMIZATION_LEVEL = 0;
				GCC_PREPROCESSOR_DEFINITIONS = (
					"DEBUG=1",
					"$(inherited)",
				);
				GCC_WARN_64_TO_32_BIT_CONVERSION = YES;
				GCC_WARN_ABOUT_RETURN_TYPE = YES_ERROR;
				GCC_WARN_UNDECLARED_SELECTOR = YES;
				GCC_WARN_UNINITIALIZED_AUTOS = YES_AGGRESSIVE;
				GCC_WARN_UNUSED_FUNCTION = YES;
				GCC_WARN_UNUSED_VARIABLE = YES;
				IPHONEOS_DEPLOYMENT_TARGET = 15.5;
				MTL_ENABLE_DEBUG_INFO = INCLUDE_SOURCE;
				MTL_FAST_MATH = YES;
				ONLY_ACTIVE_ARCH = YES;
				SDKROOT = iphoneos;
				SWIFT_ACTIVE_COMPILATION_CONDITIONS = DEBUG;
				SWIFT_OPTIMIZATION_LEVEL = "-Onone";
			};
			name = Debug;
		};
		0459FF512A14E4C2003F75F4 /* Release */ = {
			isa = XCBuildConfiguration;
			buildSettings = {
				ALWAYS_SEARCH_USER_PATHS = NO;
				CLANG_ANALYZER_NONNULL = YES;
				CLANG_ANALYZER_NUMBER_OBJECT_CONVERSION = YES_AGGRESSIVE;
				CLANG_CXX_LANGUAGE_STANDARD = "gnu++17";
				CLANG_ENABLE_MODULES = YES;
				CLANG_ENABLE_OBJC_ARC = YES;
				CLANG_ENABLE_OBJC_WEAK = YES;
				CLANG_WARN_BLOCK_CAPTURE_AUTORELEASING = YES;
				CLANG_WARN_BOOL_CONVERSION = YES;
				CLANG_WARN_COMMA = YES;
				CLANG_WARN_CONSTANT_CONVERSION = YES;
				CLANG_WARN_DEPRECATED_OBJC_IMPLEMENTATIONS = YES;
				CLANG_WARN_DIRECT_OBJC_ISA_USAGE = YES_ERROR;
				CLANG_WARN_DOCUMENTATION_COMMENTS = YES;
				CLANG_WARN_EMPTY_BODY = YES;
				CLANG_WARN_ENUM_CONVERSION = YES;
				CLANG_WARN_INFINITE_RECURSION = YES;
				CLANG_WARN_INT_CONVERSION = YES;
				CLANG_WARN_NON_LITERAL_NULL_CONVERSION = YES;
				CLANG_WARN_OBJC_IMPLICIT_RETAIN_SELF = YES;
				CLANG_WARN_OBJC_LITERAL_CONVERSION = YES;
				CLANG_WARN_OBJC_ROOT_CLASS = YES_ERROR;
				CLANG_WARN_QUOTED_INCLUDE_IN_FRAMEWORK_HEADER = YES;
				CLANG_WARN_RANGE_LOOP_ANALYSIS = YES;
				CLANG_WARN_STRICT_PROTOTYPES = YES;
				CLANG_WARN_SUSPICIOUS_MOVE = YES;
				CLANG_WARN_UNGUARDED_AVAILABILITY = YES_AGGRESSIVE;
				CLANG_WARN_UNREACHABLE_CODE = YES;
				CLANG_WARN__DUPLICATE_METHOD_MATCH = YES;
				COPY_PHASE_STRIP = NO;
				DEBUG_INFORMATION_FORMAT = "dwarf-with-dsym";
				ENABLE_NS_ASSERTIONS = NO;
				ENABLE_STRICT_OBJC_MSGSEND = YES;
				GCC_C_LANGUAGE_STANDARD = gnu11;
				GCC_NO_COMMON_BLOCKS = YES;
				GCC_WARN_64_TO_32_BIT_CONVERSION = YES;
				GCC_WARN_ABOUT_RETURN_TYPE = YES_ERROR;
				GCC_WARN_UNDECLARED_SELECTOR = YES;
				GCC_WARN_UNINITIALIZED_AUTOS = YES_AGGRESSIVE;
				GCC_WARN_UNUSED_FUNCTION = YES;
				GCC_WARN_UNUSED_VARIABLE = YES;
				IPHONEOS_DEPLOYMENT_TARGET = 15.5;
				MTL_ENABLE_DEBUG_INFO = NO;
				MTL_FAST_MATH = YES;
				SDKROOT = iphoneos;
				SWIFT_COMPILATION_MODE = wholemodule;
				SWIFT_OPTIMIZATION_LEVEL = "-O";
				VALIDATE_PRODUCT = YES;
			};
			name = Release;
		};
		0459FF532A14E4C2003F75F4 /* Debug */ = {
			isa = XCBuildConfiguration;
			buildSettings = {
				ASSETCATALOG_COMPILER_APPICON_NAME = AppIcon;
				ASSETCATALOG_COMPILER_GLOBAL_ACCENT_COLOR_NAME = AccentColor;
				CODE_SIGN_STYLE = Automatic;
				CURRENT_PROJECT_VERSION = 1;
				GENERATE_INFOPLIST_FILE = YES;
				INFOPLIST_FILE = PUT_Http_Mehtod_Use/Info.plist;
				INFOPLIST_KEY_UIApplicationSupportsIndirectInputEvents = YES;
				INFOPLIST_KEY_UILaunchStoryboardName = LaunchScreen;
				INFOPLIST_KEY_UIMainStoryboardFile = Main;
				INFOPLIST_KEY_UISupportedInterfaceOrientations_iPad = "UIInterfaceOrientationPortrait UIInterfaceOrientationPortraitUpsideDown UIInterfaceOrientationLandscapeLeft UIInterfaceOrientationLandscapeRight";
				INFOPLIST_KEY_UISupportedInterfaceOrientations_iPhone = "UIInterfaceOrientationPortrait UIInterfaceOrientationLandscapeLeft UIInterfaceOrientationLandscapeRight";
				LD_RUNPATH_SEARCH_PATHS = (
					"$(inherited)",
					"@executable_path/Frameworks",
				);
				MARKETING_VERSION = 1.0;
				PRODUCT_BUNDLE_IDENTIFIER = "com.mac.PUT-Http-Mehtod-Use";
				PRODUCT_NAME = "$(TARGET_NAME)";
				SWIFT_EMIT_LOC_STRINGS = YES;
				SWIFT_VERSION = 5.0;
				TARGETED_DEVICE_FAMILY = "1,2";
			};
			name = Debug;
		};
		0459FF542A14E4C2003F75F4 /* Release */ = {
			isa = XCBuildConfiguration;
			buildSettings = {
				ASSETCATALOG_COMPILER_APPICON_NAME = AppIcon;
				ASSETCATALOG_COMPILER_GLOBAL_ACCENT_COLOR_NAME = AccentColor;
				CODE_SIGN_STYLE = Automatic;
				CURRENT_PROJECT_VERSION = 1;
				GENERATE_INFOPLIST_FILE = YES;
				INFOPLIST_FILE = PUT_Http_Mehtod_Use/Info.plist;
				INFOPLIST_KEY_UIApplicationSupportsIndirectInputEvents = YES;
				INFOPLIST_KEY_UILaunchStoryboardName = LaunchScreen;
				INFOPLIST_KEY_UIMainStoryboardFile = Main;
				INFOPLIST_KEY_UISupportedInterfaceOrientations_iPad = "UIInterfaceOrientationPortrait UIInterfaceOrientationPortraitUpsideDown UIInterfaceOrientationLandscapeLeft UIInterfaceOrientationLandscapeRight";
				INFOPLIST_KEY_UISupportedInterfaceOrientations_iPhone = "UIInterfaceOrientationPortrait UIInterfaceOrientationLandscapeLeft UIInterfaceOrientationLandscapeRight";
				LD_RUNPATH_SEARCH_PATHS = (
					"$(inherited)",
					"@executable_path/Frameworks",
				);
				MARKETING_VERSION = 1.0;
				PRODUCT_BUNDLE_IDENTIFIER = "com.mac.PUT-Http-Mehtod-Use";
				PRODUCT_NAME = "$(TARGET_NAME)";
				SWIFT_EMIT_LOC_STRINGS = YES;
				SWIFT_VERSION = 5.0;
				TARGETED_DEVICE_FAMILY = "1,2";
			};
			name = Release;
		};
		0459FF562A14E4C2003F75F4 /* Debug */ = {
			isa = XCBuildConfiguration;
			buildSettings = {
				ALWAYS_EMBED_SWIFT_STANDARD_LIBRARIES = YES;
				BUNDLE_LOADER = "$(TEST_HOST)";
				CODE_SIGN_STYLE = Automatic;
				CURRENT_PROJECT_VERSION = 1;
				GENERATE_INFOPLIST_FILE = YES;
				IPHONEOS_DEPLOYMENT_TARGET = 15.5;
				MARKETING_VERSION = 1.0;
				PRODUCT_BUNDLE_IDENTIFIER = "com.mac.PUT-Http-Mehtod-UseTests";
				PRODUCT_NAME = "$(TARGET_NAME)";
				SWIFT_EMIT_LOC_STRINGS = NO;
				SWIFT_VERSION = 5.0;
				TARGETED_DEVICE_FAMILY = "1,2";
				TEST_HOST = "$(BUILT_PRODUCTS_DIR)/PUT_Http_Mehtod_Use.app/PUT_Http_Mehtod_Use";
			};
			name = Debug;
		};
		0459FF572A14E4C2003F75F4 /* Release */ = {
			isa = XCBuildConfiguration;
			buildSettings = {
				ALWAYS_EMBED_SWIFT_STANDARD_LIBRARIES = YES;
				BUNDLE_LOADER = "$(TEST_HOST)";
				CODE_SIGN_STYLE = Automatic;
				CURRENT_PROJECT_VERSION = 1;
				GENERATE_INFOPLIST_FILE = YES;
				IPHONEOS_DEPLOYMENT_TARGET = 15.5;
				MARKETING_VERSION = 1.0;
				PRODUCT_BUNDLE_IDENTIFIER = "com.mac.PUT-Http-Mehtod-UseTests";
				PRODUCT_NAME = "$(TARGET_NAME)";
				SWIFT_EMIT_LOC_STRINGS = NO;
				SWIFT_VERSION = 5.0;
				TARGETED_DEVICE_FAMILY = "1,2";
				TEST_HOST = "$(BUILT_PRODUCTS_DIR)/PUT_Http_Mehtod_Use.app/PUT_Http_Mehtod_Use";
			};
			name = Release;
		};
		0459FF592A14E4C2003F75F4 /* Debug */ = {
			isa = XCBuildConfiguration;
			buildSettings = {
				ALWAYS_EMBED_SWIFT_STANDARD_LIBRARIES = YES;
				CODE_SIGN_STYLE = Automatic;
				CURRENT_PROJECT_VERSION = 1;
				GENERATE_INFOPLIST_FILE = YES;
				MARKETING_VERSION = 1.0;
				PRODUCT_BUNDLE_IDENTIFIER = "com.mac.PUT-Http-Mehtod-UseUITests";
				PRODUCT_NAME = "$(TARGET_NAME)";
				SWIFT_EMIT_LOC_STRINGS = NO;
				SWIFT_VERSION = 5.0;
				TARGETED_DEVICE_FAMILY = "1,2";
				TEST_TARGET_NAME = PUT_Http_Mehtod_Use;
			};
			name = Debug;
		};
		0459FF5A2A14E4C2003F75F4 /* Release */ = {
			isa = XCBuildConfiguration;
			buildSettings = {
				ALWAYS_EMBED_SWIFT_STANDARD_LIBRARIES = YES;
				CODE_SIGN_STYLE = Automatic;
				CURRENT_PROJECT_VERSION = 1;
				GENERATE_INFOPLIST_FILE = YES;
				MARKETING_VERSION = 1.0;
				PRODUCT_BUNDLE_IDENTIFIER = "com.mac.PUT-Http-Mehtod-UseUITests";
				PRODUCT_NAME = "$(TARGET_NAME)";
				SWIFT_EMIT_LOC_STRINGS = NO;
				SWIFT_VERSION = 5.0;
				TARGETED_DEVICE_FAMILY = "1,2";
				TEST_TARGET_NAME = PUT_Http_Mehtod_Use;
			};
			name = Release;
		};
/* End XCBuildConfiguration section */

/* Begin XCConfigurationList section */
		0459FF232A14E4C0003F75F4 /* Build configuration list for PBXProject "PUT_Http_Mehtod_Use" */ = {
			isa = XCConfigurationList;
			buildConfigurations = (
				0459FF502A14E4C2003F75F4 /* Debug */,
				0459FF512A14E4C2003F75F4 /* Release */,
			);
			defaultConfigurationIsVisible = 0;
			defaultConfigurationName = Release;
		};
		0459FF522A14E4C2003F75F4 /* Build configuration list for PBXNativeTarget "PUT_Http_Mehtod_Use" */ = {
			isa = XCConfigurationList;
			buildConfigurations = (
				0459FF532A14E4C2003F75F4 /* Debug */,
				0459FF542A14E4C2003F75F4 /* Release */,
			);
			defaultConfigurationIsVisible = 0;
			defaultConfigurationName = Release;
		};
		0459FF552A14E4C2003F75F4 /* Build configuration list for PBXNativeTarget "PUT_Http_Mehtod_UseTests" */ = {
			isa = XCConfigurationList;
			buildConfigurations = (
				0459FF562A14E4C2003F75F4 /* Debug */,
				0459FF572A14E4C2003F75F4 /* Release */,
			);
			defaultConfigurationIsVisible = 0;
			defaultConfigurationName = Release;
		};
		0459FF582A14E4C2003F75F4 /* Build configuration list for PBXNativeTarget "PUT_Http_Mehtod_UseUITests" */ = {
			isa = XCConfigurationList;
			buildConfigurations = (
				0459FF592A14E4C2003F75F4 /* Debug */,
				0459FF5A2A14E4C2003F75F4 /* Release */,
			);
			defaultConfigurationIsVisible = 0;
			defaultConfigurationName = Release;
		};
/* End XCConfigurationList section */
	};
	rootObject = 0459FF202A14E4C0003F75F4 /* Project object */;
}
